
Microsoft Visual Studio Solution File, Format Version 12.00
# Visual Studio 2017
Project("{FAE04EC0-301F-11D3-BF4B-00C04F79EFBC}") = "Group-15-Game-master", "Group-15-Game-master.csproj", "{191CD5F0-C6A2-85BF-FDE2-47FAEFB13789}"
EndProject
Global
	GlobalSection(SolutionConfigurationPlatforms) = preSolution
		Debug|Any CPU = Debug|Any CPU
		Release|Any CPU = Release|Any CPU
	EndGlobalSection
	GlobalSection(ProjectConfigurationPlatforms) = postSolution
		{191CD5F0-C6A2-85BF-FDE2-47FAEFB13789}.Debug|Any CPU.ActiveCfg = Debug|Any CPU
		{191CD5F0-C6A2-85BF-FDE2-47FAEFB13789}.Debug|Any CPU.Build.0 = Debug|Any CPU
		{191CD5F0-C6A2-85BF-FDE2-47FAEFB13789}.Release|Any CPU.ActiveCfg = Release|Any CPU
		{191CD5F0-C6A2-85BF-FDE2-47FAEFB13789}.Release|Any CPU.Build.0 = Release|Any CPU
	EndGlobalSection
	GlobalSection(SolutionProperties) = preSolution
		HideSolutionNode = FALSE
	EndGlobalSection
EndGlobal
